// !$*UTF8*$!
{
	archiveVersion = 1;
	classes = {
	};
	objectVersion = 46;
	objects = {

		7990D4FD370A58E953555F64 = {isa = PBXBuildFile; fileRef = 0CC7B139B8D1C5EADD3A58A8; };
		25CB744E2DE9CC3B6650A561 = {isa = PBXBuildFile; fileRef = A75B82D9B4836778A36C9A39; };
		02F2E00FE34FA2D95C47E050 = {isa = PBXBuildFile; fileRef = CB6CD884960BA7A1BB9F5ADD; };
		0CC7B139B8D1C5EADD3A58A8 = {isa = PBXFileReference; lastKnownFileType = file.nib; name = RecentFilesMenuTemplate.nib; path = RecentFilesMenuTemplate.nib; sourceTree = "SOURCE_ROOT"; };
		340FEFADCDB887883109956B = {isa = PBXFileReference; lastKnownFileType = text.plist.xml; name = Info.plist; path = Info.plist; sourceTree = "SOURCE_ROOT"; };
		73128082669016BA4902D192 = {isa = PBXFileReference; lastKnownFileType = sourcecode.c.h; name = ACFPitchTracker.h; path = ../../Source/ACFPitchTracker.h; sourceTree = "SOURCE_ROOT"; };
		A75B82D9B4836778A36C9A39 = {isa = PBXFileReference; lastKnownFileType = sourcecode.cpp.cpp; name = MainComponent.cpp; path = ../../Source/MainComponent.cpp; sourceTree = "SOURCE_ROOT"; };
		B18DA4880D0A6BDE6A4BDBAE = {isa = PBXFileReference; lastKnownFileType = sourcecode.c.h; name = JuceHeader.h; path = ../../JuceLibraryCode/JuceHeader.h; sourceTree = "SOURCE_ROOT"; };
		C677A33B1E08D8BFA4342BEB = {isa = PBXFileReference; lastKnownFileType = sourcecode.c.h; name = AudioSampleRingFrame.h; path = ../../Source/AudioSampleRingFrame.h; sourceTree = "SOURCE_ROOT"; };
		CB6CD884960BA7A1BB9F5ADD = {isa = PBXFileReference; lastKnownFileType = sourcecode.cpp.cpp; name = Main.cpp; path = ../../Source/Main.cpp; sourceTree = "SOURCE_ROOT"; };
		E297AB324E0A488CD2031ECA = {isa = PBXFileReference; explicitFileType = wrapper.application; includeInIndex = 0; path = AudioEngine.app; sourceTree = "BUILT_PRODUCTS_DIR"; };
		F9439EC001A1049A8B998602 = {isa = PBXFileReference; lastKnownFileType = sourcecode.c.h; name = AppConfig.h; path = ../../JuceLibraryCode/AppConfig.h; sourceTree = "SOURCE_ROOT"; };
		7B8D6AD14B9A78F3A7AA1FC8 = {isa = PBXGroup; children = (
					73128082669016BA4902D192,
					C677A33B1E08D8BFA4342BEB,
					A75B82D9B4836778A36C9A39,
					CB6CD884960BA7A1BB9F5ADD, ); name = Source; sourceTree = "<group>"; };
		1210771886155A8A712D9C81 = {isa = PBXGroup; children = (
					7B8D6AD14B9A78F3A7AA1FC8, ); name = AudioEngine; sourceTree = "<group>"; };
		FB34D58313E3744EDAC0DF87 = {isa = PBXGroup; children = (
					F9439EC001A1049A8B998602,
					B18DA4880D0A6BDE6A4BDBAE, ); name = "Juce Library Code"; sourceTree = "<group>"; };
		2F9BEDD372E5C71415F10F4A = {isa = PBXGroup; children = (
					340FEFADCDB887883109956B,
					0CC7B139B8D1C5EADD3A58A8, ); name = Resources; sourceTree = "<group>"; };
		8ACADA7482D2476DE6EDEA26 = {isa = PBXGroup; children = (  ); name = Frameworks; sourceTree = "<group>"; };
		8BD1D56E34842AAED8152D97 = {isa = PBXGroup; children = (
					E297AB324E0A488CD2031ECA, ); name = Products; sourceTree = "<group>"; };
		B209DC958B88B9DA125EB753 = {isa = PBXGroup; children = (
					1210771886155A8A712D9C81,
					FB34D58313E3744EDAC0DF87,
					2F9BEDD372E5C71415F10F4A,
					8ACADA7482D2476DE6EDEA26,
					8BD1D56E34842AAED8152D97, ); name = Source; sourceTree = "<group>"; };
		9A5BC0F82C4B2EF3FA0E682D = {isa = XCBuildConfiguration; buildSettings = {
				CLANG_CXX_LANGUAGE_STANDARD = "c++0x";
				CLANG_LINK_OBJC_RUNTIME = NO;
				COMBINE_HIDPI_IMAGES = YES;
				CONFIGURATION_BUILD_DIR = "$(PROJECT_DIR)/build/$(CONFIGURATION)";
				COPY_PHASE_STRIP = NO;
				GCC_DYNAMIC_NO_PIC = NO;
				GCC_OPTIMIZATION_LEVEL = 0;
				GCC_PREPROCESSOR_DEFINITIONS = (
					"_DEBUG=1",
					"DEBUG=1",
					"JUCER_XCODE_MAC_F6D2F4CF=1",
					"JUCE_APP_VERSION=1.0.0",
					"JUCE_APP_VERSION_HEX=0x10000", );
				GCC_VERSION = com.apple.compilers.llvm.clang.1_0;
				HEADER_SEARCH_PATHS = ("../../JuceLibraryCode", "$(inherited)");
				INFOPLIST_FILE = Info.plist;
				INSTALL_PATH = "$(HOME)/Applications";
				MACOSX_DEPLOYMENT_TARGET_ppc = 10.4;
				SDKROOT_ppc = macosx10.5; }; name = Debug; };
		899C5F58CD70032D62EEE579 = {isa = XCBuildConfiguration; buildSettings = {
				CLANG_CXX_LANGUAGE_STANDARD = "c++0x";
				CLANG_LINK_OBJC_RUNTIME = NO;
				COMBINE_HIDPI_IMAGES = YES;
				CONFIGURATION_BUILD_DIR = "$(PROJECT_DIR)/build/$(CONFIGURATION)";
				DEAD_CODE_STRIPPING = YES;
				GCC_GENERATE_DEBUGGING_SYMBOLS = NO;
				GCC_OPTIMIZATION_LEVEL = 3;
				GCC_PREPROCESSOR_DEFINITIONS = (
					"_NDEBUG=1",
					"NDEBUG=1",
					"JUCER_XCODE_MAC_F6D2F4CF=1",
					"JUCE_APP_VERSION=1.0.0",
					"JUCE_APP_VERSION_HEX=0x10000", );
				GCC_SYMBOLS_PRIVATE_EXTERN = YES;
				GCC_VERSION = com.apple.compilers.llvm.clang.1_0;
				HEADER_SEARCH_PATHS = ("../../JuceLibraryCode", "$(inherited)");
				INFOPLIST_FILE = Info.plist;
				INSTALL_PATH = "$(HOME)/Applications";
				MACOSX_DEPLOYMENT_TARGET = 10.7;
				MACOSX_DEPLOYMENT_TARGET_ppc = 10.4;
				SDKROOT_ppc = macosx10.5; }; name = Release; };
		549F325A0778D0688CFA6FC2 = {isa = XCBuildConfiguration; buildSettings = {
				ALWAYS_SEARCH_USER_PATHS = NO;
				DEBUG_INFORMATION_FORMAT = "dwarf";
				GCC_C_LANGUAGE_STANDARD = c99;
				GCC_INLINES_ARE_PRIVATE_EXTERN = YES;
				GCC_MODEL_TUNING = G5;
				GCC_WARN_ABOUT_RETURN_TYPE = YES;
				GCC_WARN_CHECK_SWITCH_STATEMENTS = YES;
				GCC_WARN_MISSING_PARENTHESES = YES;
				GCC_WARN_NON_VIRTUAL_DESTRUCTOR = YES;
				GCC_WARN_TYPECHECK_CALLS_TO_PRINTF = YES;
				GCC_WARN_UNUSED_VARIABLE = YES;
				ONLY_ACTIVE_ARCH = YES;
				PRODUCT_NAME = "AudioEngine";
				WARNING_CFLAGS = -Wreorder;
				ZERO_LINK = NO; }; name = Debug; };
		6DDD82EC3474E6C04D31A261 = {isa = XCBuildConfiguration; buildSettings = {
				ALWAYS_SEARCH_USER_PATHS = NO;
				DEBUG_INFORMATION_FORMAT = "dwarf";
				GCC_C_LANGUAGE_STANDARD = c99;
				GCC_INLINES_ARE_PRIVATE_EXTERN = YES;
				GCC_MODEL_TUNING = G5;
				GCC_WARN_ABOUT_RETURN_TYPE = YES;
				GCC_WARN_CHECK_SWITCH_STATEMENTS = YES;
				GCC_WARN_MISSING_PARENTHESES = YES;
				GCC_WARN_NON_VIRTUAL_DESTRUCTOR = YES;
				GCC_WARN_TYPECHECK_CALLS_TO_PRINTF = YES;
				GCC_WARN_UNUSED_VARIABLE = YES;
				PRODUCT_NAME = "AudioEngine";
				WARNING_CFLAGS = -Wreorder;
				ZERO_LINK = NO; }; name = Release; };
		1986FA219E42A4164BEE514B = {isa = XCConfigurationList; buildConfigurations = (
					549F325A0778D0688CFA6FC2,
					6DDD82EC3474E6C04D31A261, ); defaultConfigurationIsVisible = 0; defaultConfigurationName = Debug; };
		193410DD6AC0660255700D29 = {isa = XCConfigurationList; buildConfigurations = (
					9A5BC0F82C4B2EF3FA0E682D,
					899C5F58CD70032D62EEE579, ); defaultConfigurationIsVisible = 0; defaultConfigurationName = Debug; };
		269FABFA4455F379F6078FE2 = {isa = PBXResourcesBuildPhase; buildActionMask = 2147483647; files = (
					7990D4FD370A58E953555F64, ); runOnlyForDeploymentPostprocessing = 0; };
		2618C6767421FD6E317A215E = {isa = PBXSourcesBuildPhase; buildActionMask = 2147483647; files = (
					25CB744E2DE9CC3B6650A561,
					02F2E00FE34FA2D95C47E050, ); runOnlyForDeploymentPostprocessing = 0; };
		65AA7D8E78814C59EF066975 = {isa = PBXFrameworksBuildPhase; buildActionMask = 2147483647; files = (  ); runOnlyForDeploymentPostprocessing = 0; };
		6028F379BEFE0EFF0296000D = {isa = PBXNativeTarget; buildConfigurationList = 193410DD6AC0660255700D29; buildPhases = (
					269FABFA4455F379F6078FE2,
					2618C6767421FD6E317A215E,
					65AA7D8E78814C59EF066975, ); buildRules = ( ); dependencies = ( ); name = AudioEngine; productName = AudioEngine; productReference = E297AB324E0A488CD2031ECA; productInstallPath = "$(HOME)/Applications"; productType = "com.apple.product-type.application"; };
		5B280F53991834DFE44ADF1F = {isa = PBXProject; buildConfigurationList = 1986FA219E42A4164BEE514B; attributes = { LastUpgradeCheck = 0440; }; compatibilityVersion = "Xcode 3.2"; hasScannedForEncodings = 0; mainGroup = B209DC958B88B9DA125EB753; projectDirPath = ""; projectRoot = ""; targets = ( 6028F379BEFE0EFF0296000D ); };
	};
	rootObject = 5B280F53991834DFE44ADF1F;
}
